
Microsoft Visual Studio Solution File, Format Version 12.00
# Visual Studio Version 17
VisualStudioVersion = 17.14.36203.30 d17.14
MinimumVisualStudioVersion = 10.0.40219.1
Project("{FAE04EC0-301F-11D3-BF4B-00C04F79EFBC}") = "EmployeeManagement.API", "EmployeeManagement.API\EmployeeManagement.API.csproj", "{16866E41-17FB-4667-84D0-002DB03A31C0}"
EndProject
Global
	GlobalSection(SolutionConfigurationPlatforms) = preSolution
		Debug|Any CPU = Debug|Any CPU
		Release|Any CPU = Release|Any CPU
	EndGlobalSection
	GlobalSection(ProjectConfigurationPlatforms) = postSolution
		{16866E41-17FB-4667-84D0-002DB03A31C0}.Debug|Any CPU.ActiveCfg = Debug|Any CPU
		{16866E41-17FB-4667-84D0-002DB03A31C0}.Debug|Any CPU.Build.0 = Debug|Any CPU
		{16866E41-17FB-4667-84D0-002DB03A31C0}.Release|Any CPU.ActiveCfg = Release|Any CPU
		{16866E41-17FB-4667-84D0-002DB03A31C0}.Release|Any CPU.Build.0 = Release|Any CPU
	EndGlobalSection
	GlobalSection(SolutionProperties) = preSolution
		HideSolutionNode = FALSE
	EndGlobalSection
	GlobalSection(ExtensibilityGlobals) = postSolution
		SolutionGuid = {DADE68BF-5F9E-4C4B-85E4-8EAB96FD1DE6}
	EndGlobalSection
EndGlobal
